
Microsoft Visual Studio Solution File, Format Version 12.00
# Visual Studio Version 16
VisualStudioVersion = 16.0.30413.136
MinimumVisualStudioVersion = 10.0.40219.1
Project("{FAE04EC0-301F-11D3-BF4B-00C04F79EFBC}") = "CourseInterHeranca", "CourseInterHeranca.csproj", "{4277EAC7-B4AB-4016-9CD1-63FDCEE4E3A1}"
EndProject
Global
	GlobalSection(SolutionConfigurationPlatforms) = preSolution
		Debug|Any CPU = Debug|Any CPU
		Release|Any CPU = Release|Any CPU
	EndGlobalSection
	GlobalSection(ProjectConfigurationPlatforms) = postSolution
		{4277EAC7-B4AB-4016-9CD1-63FDCEE4E3A1}.Debug|Any CPU.ActiveCfg = Debug|Any CPU
		{4277EAC7-B4AB-4016-9CD1-63FDCEE4E3A1}.Debug|Any CPU.Build.0 = Debug|Any CPU
		{4277EAC7-B4AB-4016-9CD1-63FDCEE4E3A1}.Release|Any CPU.ActiveCfg = Release|Any CPU
		{4277EAC7-B4AB-4016-9CD1-63FDCEE4E3A1}.Release|Any CPU.Build.0 = Release|Any CPU
	EndGlobalSection
	GlobalSection(SolutionProperties) = preSolution
		HideSolutionNode = FALSE
	EndGlobalSection
	GlobalSection(ExtensibilityGlobals) = postSolution
		SolutionGuid = {3527AD1E-88B0-4281-BE65-E583155DA895}
	EndGlobalSection
EndGlobal
